
Microsoft Visual Studio Solution File, Format Version 12.00
# Visual Studio 15
VisualStudioVersion = 15.0.28307.438
MinimumVisualStudioVersion = 10.0.40219.1
Project("{FAE04EC0-301F-11D3-BF4B-00C04F79EFBC}") = "ImageGallery", "ImageGallery\ImageGallery.csproj", "{016408C0-F4B6-4EB8-8A5C-4AB227948B44}"
EndProject
Global
	GlobalSection(SolutionConfigurationPlatforms) = preSolution
		Debug|Any CPU = Debug|Any CPU
		Release|Any CPU = Release|Any CPU
	EndGlobalSection
	GlobalSection(ProjectConfigurationPlatforms) = postSolution
		{016408C0-F4B6-4EB8-8A5C-4AB227948B44}.Debug|Any CPU.ActiveCfg = Debug|Any CPU
		{016408C0-F4B6-4EB8-8A5C-4AB227948B44}.Debug|Any CPU.Build.0 = Debug|Any CPU
		{016408C0-F4B6-4EB8-8A5C-4AB227948B44}.Release|Any CPU.ActiveCfg = Release|Any CPU
		{016408C0-F4B6-4EB8-8A5C-4AB227948B44}.Release|Any CPU.Build.0 = Release|Any CPU
	EndGlobalSection
	GlobalSection(SolutionProperties) = preSolution
		HideSolutionNode = FALSE
	EndGlobalSection
	GlobalSection(ExtensibilityGlobals) = postSolution
		SolutionGuid = {3711C204-8D06-4D3D-9D4A-249239D4767E}
	EndGlobalSection
EndGlobal
